
Microsoft Visual Studio Solution File, Format Version 12.00
# Visual Studio 15
VisualStudioVersion = 15.0.28010.2036
MinimumVisualStudioVersion = 10.0.40219.1
Project("{FAE04EC0-301F-11D3-BF4B-00C04F79EFBC}") = "SIKABReoGridWindow", "SIKABReoGridWindow.csproj", "{2FD738FB-F170-499D-A6BE-2CBCBBD2F85F}"
EndProject
Project("{FAE04EC0-301F-11D3-BF4B-00C04F79EFBC}") = "ReoGridUserControl", "..\ReoGridUserControl\ReoGridUserControl.csproj", "{853394A3-F79E-4B7B-8A80-9393DF0D5ACB}"
EndProject
Global
	GlobalSection(SolutionConfigurationPlatforms) = preSolution
		Debug|Any CPU = Debug|Any CPU
		Release|Any CPU = Release|Any CPU
	EndGlobalSection
	GlobalSection(ProjectConfigurationPlatforms) = postSolution
		{2FD738FB-F170-499D-A6BE-2CBCBBD2F85F}.Debug|Any CPU.ActiveCfg = Debug|Any CPU
		{2FD738FB-F170-499D-A6BE-2CBCBBD2F85F}.Debug|Any CPU.Build.0 = Debug|Any CPU
		{2FD738FB-F170-499D-A6BE-2CBCBBD2F85F}.Release|Any CPU.ActiveCfg = Release|Any CPU
		{2FD738FB-F170-499D-A6BE-2CBCBBD2F85F}.Release|Any CPU.Build.0 = Release|Any CPU
		{853394A3-F79E-4B7B-8A80-9393DF0D5ACB}.Debug|Any CPU.ActiveCfg = Debug|Any CPU
		{853394A3-F79E-4B7B-8A80-9393DF0D5ACB}.Debug|Any CPU.Build.0 = Debug|Any CPU
		{853394A3-F79E-4B7B-8A80-9393DF0D5ACB}.Release|Any CPU.ActiveCfg = Release|Any CPU
		{853394A3-F79E-4B7B-8A80-9393DF0D5ACB}.Release|Any CPU.Build.0 = Release|Any CPU
	EndGlobalSection
	GlobalSection(SolutionProperties) = preSolution
		HideSolutionNode = FALSE
	EndGlobalSection
	GlobalSection(ExtensibilityGlobals) = postSolution
		SolutionGuid = {024EC7B3-E406-48C2-BD71-7CDDB0963879}
	EndGlobalSection
EndGlobal
